
Microsoft Visual Studio Solution File, Format Version 12.00
# Visual Studio Version 16
VisualStudioVersion = 16.0.29509.3
MinimumVisualStudioVersion = 10.0.40219.1
Project("{8BC9CEB8-8B4A-11D0-8D11-00A0C91BC942}") = "ViewerSystem", "ViewerSystem.vcxproj", "{AEF90808-538D-4B9F-9672-8D7D88389318}"
EndProject
Global
	GlobalSection(SolutionConfigurationPlatforms) = preSolution
		Debug|x64 = Debug|x64
		Release|x64 = Release|x64
	EndGlobalSection
	GlobalSection(ProjectConfigurationPlatforms) = postSolution
		{AEF90808-538D-4B9F-9672-8D7D88389318}.Debug|x64.ActiveCfg = Debug|x64
		{AEF90808-538D-4B9F-9672-8D7D88389318}.Debug|x64.Build.0 = Debug|x64
		{AEF90808-538D-4B9F-9672-8D7D88389318}.Release|x64.ActiveCfg = Release|x64
		{AEF90808-538D-4B9F-9672-8D7D88389318}.Release|x64.Build.0 = Release|x64
	EndGlobalSection
	GlobalSection(SolutionProperties) = preSolution
		HideSolutionNode = FALSE
	EndGlobalSection
	GlobalSection(ExtensibilityGlobals) = postSolution
		SolutionGuid = {BD7907B9-A519-47F4-9BEF-2DA7E6AA45F3}
	EndGlobalSection
EndGlobal
